# This file is autogenerated, do not edit; changes may be undone by the next 'dep ensure'.


[[projects]]
  digest = "1:870d441fe217b8e689d7949fef6e43efbc787e50f200cb1e70dbca9204a1d6be"
  name = "github.com/inconshreveable/mousetrap"
  packages = ["."]
  pruneopts = ""
  revision = "76626ae9c91c4f2a10f34cad8ce83ea42c93bb75"
  version = "v1.0"

[[projects]]
  digest = "1:0cc441f3dfe124dd74f44dd7e466dfc17cc7edff468094fbc3847a96b5ebf6f7"
  name = "github.com/nalej/derrors"
  packages = ["."]
  pruneopts = ""
  revision = "7a6df7f0bb1c7cddfec82c91119f193f6fcbc9d5"
  version = "v2.0.0"

[[projects]]
  digest = "1:08648a52a291f954815b6f584b4a59ae1d68403cafa630f6a65ae3384d592b18"
  name = "github.com/nalej/edge-inventory-proxy"
  packages = ["version"]
  pruneopts = ""
  revision = "b70d8a8a705fd2959a6fe42752bfa497de7e952a"
  version = "v0.3.0"

[[projects]]
  branch = "master"
  digest = "1:667e4b5ecebce8d1def259916122d3ec9a33e8e59d7d78a3b89148c6ef5e7ee0"
  name = "github.com/nalej/golang-template"
  packages = ["version"]
  pruneopts = ""
  revision = "35ba567d82272c98aba0cf5a037d9b87604a7594"

[[projects]]
  digest = "1:8921255ee16213d31b57649d57425d515c3b81709f8468500ffbf18fab74c299"
  name = "github.com/rs/zerolog"
  packages = [
    ".",
    "internal/cbor",
    "internal/json",
    "log",
  ]
  pruneopts = ""
  revision = "b806a5ecbe5347ad9ef05121fea8f4acc65fa5fc"
  version = "v1.15.0"

[[projects]]
  digest = "1:0c63b3c7ad6d825a898f28cb854252a3b29d37700c68a117a977263f5ec94efe"
  name = "github.com/spf13/cobra"
  packages = ["."]
  pruneopts = ""
  revision = "f2b07da1e2c38d5f12845a4f607e2e1018cbb1f5"
  version = "v0.0.5"

[[projects]]
  digest = "1:cbaf13cdbfef0e4734ed8a7504f57fe893d471d62a35b982bf6fb3f036449a66"
  name = "github.com/spf13/pflag"
  packages = ["."]
  pruneopts = ""
  revision = "298182f68c66c05229eb03ac171abe6e309ee79a"
  version = "v1.0.3"

[solve-meta]
  analyzer-name = "dep"
  analyzer-version = 1
  input-imports = [
    "github.com/nalej/derrors",
    "github.com/nalej/edge-inventory-proxy/version",
    "github.com/nalej/golang-template/version",
    "github.com/rs/zerolog",
    "github.com/rs/zerolog/log",
    "github.com/spf13/cobra",
  ]
  solver-name = "gps-cdcl"
  solver-version = 1
